
Microsoft Visual Studio Solution File, Format Version 12.00
# Visual Studio Version 16
VisualStudioVersion = 16.0.31727.386
MinimumVisualStudioVersion = 10.0.40219.1
Project("{8BC9CEB8-8B4A-11D0-8D11-00A0C91BC942}") = "LAB 8", "LAB 8\LAB 8.vcxproj", "{2699F6B7-C6AD-498F-A3AA-7FC7BEAA84EE}"
EndProject
Project("{8BC9CEB8-8B4A-11D0-8D11-00A0C91BC942}") = "Question 4", "Question 4\Question 4.vcxproj", "{8D4430DA-9074-491B-9F4A-D8276C755AA2}"
EndProject
Project("{8BC9CEB8-8B4A-11D0-8D11-00A0C91BC942}") = "Lab 9", "Lab 9\Lab 9.vcxproj", "{308DBC75-F636-43B8-B09A-C28EAC55EEAD}"
EndProject
Project("{8BC9CEB8-8B4A-11D0-8D11-00A0C91BC942}") = "Question2", "Question2\Question2.vcxproj", "{67315EA6-04CD-4E1F-94E5-D12E99B71B82}"
EndProject
Project("{8BC9CEB8-8B4A-11D0-8D11-00A0C91BC942}") = "Question2 b)", "Question2 b)\Question2 b).vcxproj", "{ABF6704C-6C71-4E82-A766-8611F8279BAD}"
EndProject
Project("{8BC9CEB8-8B4A-11D0-8D11-00A0C91BC942}") = "Lab8 additional", "Lab8 additional\Lab8 additional.vcxproj", "{DDC2EBBC-440D-433B-B281-68826C089879}"
EndProject
Project("{8BC9CEB8-8B4A-11D0-8D11-00A0C91BC942}") = "Extra Question3", "Extra Question3\Extra Question3.vcxproj", "{67CC536B-9547-43AA-BF0D-E9ABB4973391}"
EndProject
Project("{8BC9CEB8-8B4A-11D0-8D11-00A0C91BC942}") = "Additional4", "Additional4\Additional4.vcxproj", "{E9BF4C60-FB61-4A69-9487-129496DC4368}"
EndProject
Project("{8BC9CEB8-8B4A-11D0-8D11-00A0C91BC942}") = "Extra 4", "AdditionaQl4\AdditionaQl4.vcxproj", "{3B7D492B-CA1A-437F-BCEB-169CE8577996}"
EndProject
Project("{8BC9CEB8-8B4A-11D0-8D11-00A0C91BC942}") = "Extra question4", "Extra question4\Extra question4.vcxproj", "{10CBD516-23CE-45E3-8D24-066B037C9159}"
EndProject
Project("{8BC9CEB8-8B4A-11D0-8D11-00A0C91BC942}") = "Project1", "Project1\Project1.vcxproj", "{F1409AC5-D781-4ACE-8BE8-91A47824DE8D}"
EndProject
Project("{8BC9CEB8-8B4A-11D0-8D11-00A0C91BC942}") = "Üçgen", "Üçgen\Üçgen.vcxproj", "{6F5151D6-0E77-4672-8ABF-0CE7B50E08BF}"
EndProject
Global
	GlobalSection(SolutionConfigurationPlatforms) = preSolution
		Debug|x64 = Debug|x64
		Debug|x86 = Debug|x86
		Release|x64 = Release|x64
		Release|x86 = Release|x86
	EndGlobalSection
	GlobalSection(ProjectConfigurationPlatforms) = postSolution
		{2699F6B7-C6AD-498F-A3AA-7FC7BEAA84EE}.Debug|x64.ActiveCfg = Debug|x64
		{2699F6B7-C6AD-498F-A3AA-7FC7BEAA84EE}.Debug|x64.Build.0 = Debug|x64
		{2699F6B7-C6AD-498F-A3AA-7FC7BEAA84EE}.Debug|x86.ActiveCfg = Debug|Win32
		{2699F6B7-C6AD-498F-A3AA-7FC7BEAA84EE}.Debug|x86.Build.0 = Debug|Win32
		{2699F6B7-C6AD-498F-A3AA-7FC7BEAA84EE}.Release|x64.ActiveCfg = Release|x64
		{2699F6B7-C6AD-498F-A3AA-7FC7BEAA84EE}.Release|x64.Build.0 = Release|x64
		{2699F6B7-C6AD-498F-A3AA-7FC7BEAA84EE}.Release|x86.ActiveCfg = Release|Win32
		{2699F6B7-C6AD-498F-A3AA-7FC7BEAA84EE}.Release|x86.Build.0 = Release|Win32
		{8D4430DA-9074-491B-9F4A-D8276C755AA2}.Debug|x64.ActiveCfg = Debug|x64
		{8D4430DA-9074-491B-9F4A-D8276C755AA2}.Debug|x64.Build.0 = Debug|x64
		{8D4430DA-9074-491B-9F4A-D8276C755AA2}.Debug|x86.ActiveCfg = Debug|Win32
		{8D4430DA-9074-491B-9F4A-D8276C755AA2}.Debug|x86.Build.0 = Debug|Win32
		{8D4430DA-9074-491B-9F4A-D8276C755AA2}.Release|x64.ActiveCfg = Release|x64
		{8D4430DA-9074-491B-9F4A-D8276C755AA2}.Release|x64.Build.0 = Release|x64
		{8D4430DA-9074-491B-9F4A-D8276C755AA2}.Release|x86.ActiveCfg = Release|Win32
		{8D4430DA-9074-491B-9F4A-D8276C755AA2}.Release|x86.Build.0 = Release|Win32
		{308DBC75-F636-43B8-B09A-C28EAC55EEAD}.Debug|x64.ActiveCfg = Debug|x64
		{308DBC75-F636-43B8-B09A-C28EAC55EEAD}.Debug|x64.Build.0 = Debug|x64
		{308DBC75-F636-43B8-B09A-C28EAC55EEAD}.Debug|x86.ActiveCfg = Debug|Win32
		{308DBC75-F636-43B8-B09A-C28EAC55EEAD}.Debug|x86.Build.0 = Debug|Win32
		{308DBC75-F636-43B8-B09A-C28EAC55EEAD}.Release|x64.ActiveCfg = Release|x64
		{308DBC75-F636-43B8-B09A-C28EAC55EEAD}.Release|x64.Build.0 = Release|x64
		{308DBC75-F636-43B8-B09A-C28EAC55EEAD}.Release|x86.ActiveCfg = Release|Win32
		{308DBC75-F636-43B8-B09A-C28EAC55EEAD}.Release|x86.Build.0 = Release|Win32
		{67315EA6-04CD-4E1F-94E5-D12E99B71B82}.Debug|x64.ActiveCfg = Debug|x64
		{67315EA6-04CD-4E1F-94E5-D12E99B71B82}.Debug|x64.Build.0 = Debug|x64
		{67315EA6-04CD-4E1F-94E5-D12E99B71B82}.Debug|x86.ActiveCfg = Debug|Win32
		{67315EA6-04CD-4E1F-94E5-D12E99B71B82}.Debug|x86.Build.0 = Debug|Win32
		{67315EA6-04CD-4E1F-94E5-D12E99B71B82}.Release|x64.ActiveCfg = Release|x64
		{67315EA6-04CD-4E1F-94E5-D12E99B71B82}.Release|x64.Build.0 = Release|x64
		{67315EA6-04CD-4E1F-94E5-D12E99B71B82}.Release|x86.ActiveCfg = Release|Win32
		{67315EA6-04CD-4E1F-94E5-D12E99B71B82}.Release|x86.Build.0 = Release|Win32
		{ABF6704C-6C71-4E82-A766-8611F8279BAD}.Debug|x64.ActiveCfg = Debug|x64
		{ABF6704C-6C71-4E82-A766-8611F8279BAD}.Debug|x64.Build.0 = Debug|x64
		{ABF6704C-6C71-4E82-A766-8611F8279BAD}.Debug|x86.ActiveCfg = Debug|Win32
		{ABF6704C-6C71-4E82-A766-8611F8279BAD}.Debug|x86.Build.0 = Debug|Win32
		{ABF6704C-6C71-4E82-A766-8611F8279BAD}.Release|x64.ActiveCfg = Release|x64
		{ABF6704C-6C71-4E82-A766-8611F8279BAD}.Release|x64.Build.0 = Release|x64
		{ABF6704C-6C71-4E82-A766-8611F8279BAD}.Release|x86.ActiveCfg = Release|Win32
		{ABF6704C-6C71-4E82-A766-8611F8279BAD}.Release|x86.Build.0 = Release|Win32
		{DDC2EBBC-440D-433B-B281-68826C089879}.Debug|x64.ActiveCfg = Debug|x64
		{DDC2EBBC-440D-433B-B281-68826C089879}.Debug|x64.Build.0 = Debug|x64
		{DDC2EBBC-440D-433B-B281-68826C089879}.Debug|x86.ActiveCfg = Debug|Win32
		{DDC2EBBC-440D-433B-B281-68826C089879}.Debug|x86.Build.0 = Debug|Win32
		{DDC2EBBC-440D-433B-B281-68826C089879}.Release|x64.ActiveCfg = Release|x64
		{DDC2EBBC-440D-433B-B281-68826C089879}.Release|x64.Build.0 = Release|x64
		{DDC2EBBC-440D-433B-B281-68826C089879}.Release|x86.ActiveCfg = Release|Win32
		{DDC2EBBC-440D-433B-B281-68826C089879}.Release|x86.Build.0 = Release|Win32
		{67CC536B-9547-43AA-BF0D-E9ABB4973391}.Debug|x64.ActiveCfg = Debug|x64
		{67CC536B-9547-43AA-BF0D-E9ABB4973391}.Debug|x64.Build.0 = Debug|x64
		{67CC536B-9547-43AA-BF0D-E9ABB4973391}.Debug|x86.ActiveCfg = Debug|Win32
		{67CC536B-9547-43AA-BF0D-E9ABB4973391}.Debug|x86.Build.0 = Debug|Win32
		{67CC536B-9547-43AA-BF0D-E9ABB4973391}.Release|x64.ActiveCfg = Release|x64
		{67CC536B-9547-43AA-BF0D-E9ABB4973391}.Release|x64.Build.0 = Release|x64
		{67CC536B-9547-43AA-BF0D-E9ABB4973391}.Release|x86.ActiveCfg = Release|Win32
		{67CC536B-9547-43AA-BF0D-E9ABB4973391}.Release|x86.Build.0 = Release|Win32
		{E9BF4C60-FB61-4A69-9487-129496DC4368}.Debug|x64.ActiveCfg = Debug|x64
		{E9BF4C60-FB61-4A69-9487-129496DC4368}.Debug|x64.Build.0 = Debug|x64
		{E9BF4C60-FB61-4A69-9487-129496DC4368}.Debug|x86.ActiveCfg = Debug|Win32
		{E9BF4C60-FB61-4A69-9487-129496DC4368}.Debug|x86.Build.0 = Debug|Win32
		{E9BF4C60-FB61-4A69-9487-129496DC4368}.Release|x64.ActiveCfg = Release|x64
		{E9BF4C60-FB61-4A69-9487-129496DC4368}.Release|x64.Build.0 = Release|x64
		{E9BF4C60-FB61-4A69-9487-129496DC4368}.Release|x86.ActiveCfg = Release|Win32
		{E9BF4C60-FB61-4A69-9487-129496DC4368}.Release|x86.Build.0 = Release|Win32
		{3B7D492B-CA1A-437F-BCEB-169CE8577996}.Debug|x64.ActiveCfg = Debug|x64
		{3B7D492B-CA1A-437F-BCEB-169CE8577996}.Debug|x64.Build.0 = Debug|x64
		{3B7D492B-CA1A-437F-BCEB-169CE8577996}.Debug|x86.ActiveCfg = Debug|Win32
		{3B7D492B-CA1A-437F-BCEB-169CE8577996}.Debug|x86.Build.0 = Debug|Win32
		{3B7D492B-CA1A-437F-BCEB-169CE8577996}.Release|x64.ActiveCfg = Release|x64
		{3B7D492B-CA1A-437F-BCEB-169CE8577996}.Release|x64.Build.0 = Release|x64
		{3B7D492B-CA1A-437F-BCEB-169CE8577996}.Release|x86.ActiveCfg = Release|Win32
		{3B7D492B-CA1A-437F-BCEB-169CE8577996}.Release|x86.Build.0 = Release|Win32
		{10CBD516-23CE-45E3-8D24-066B037C9159}.Debug|x64.ActiveCfg = Debug|x64
		{10CBD516-23CE-45E3-8D24-066B037C9159}.Debug|x64.Build.0 = Debug|x64
		{10CBD516-23CE-45E3-8D24-066B037C9159}.Debug|x86.ActiveCfg = Debug|Win32
		{10CBD516-23CE-45E3-8D24-066B037C9159}.Debug|x86.Build.0 = Debug|Win32
		{10CBD516-23CE-45E3-8D24-066B037C9159}.Release|x64.ActiveCfg = Release|x64
		{10CBD516-23CE-45E3-8D24-066B037C9159}.Release|x64.Build.0 = Release|x64
		{10CBD516-23CE-45E3-8D24-066B037C9159}.Release|x86.ActiveCfg = Release|Win32
		{10CBD516-23CE-45E3-8D24-066B037C9159}.Release|x86.Build.0 = Release|Win32
		{F1409AC5-D781-4ACE-8BE8-91A47824DE8D}.Debug|x64.ActiveCfg = Debug|x64
		{F1409AC5-D781-4ACE-8BE8-91A47824DE8D}.Debug|x64.Build.0 = Debug|x64
		{F1409AC5-D781-4ACE-8BE8-91A47824DE8D}.Debug|x86.ActiveCfg = Debug|Win32
		{F1409AC5-D781-4ACE-8BE8-91A47824DE8D}.Debug|x86.Build.0 = Debug|Win32
		{F1409AC5-D781-4ACE-8BE8-91A47824DE8D}.Release|x64.ActiveCfg = Release|x64
		{F1409AC5-D781-4ACE-8BE8-91A47824DE8D}.Release|x64.Build.0 = Release|x64
		{F1409AC5-D781-4ACE-8BE8-91A47824DE8D}.Release|x86.ActiveCfg = Release|Win32
		{F1409AC5-D781-4ACE-8BE8-91A47824DE8D}.Release|x86.Build.0 = Release|Win32
		{6F5151D6-0E77-4672-8ABF-0CE7B50E08BF}.Debug|x64.ActiveCfg = Debug|x64
		{6F5151D6-0E77-4672-8ABF-0CE7B50E08BF}.Debug|x64.Build.0 = Debug|x64
		{6F5151D6-0E77-4672-8ABF-0CE7B50E08BF}.Debug|x86.ActiveCfg = Debug|Win32
		{6F5151D6-0E77-4672-8ABF-0CE7B50E08BF}.Debug|x86.Build.0 = Debug|Win32
		{6F5151D6-0E77-4672-8ABF-0CE7B50E08BF}.Release|x64.ActiveCfg = Release|x64
		{6F5151D6-0E77-4672-8ABF-0CE7B50E08BF}.Release|x64.Build.0 = Release|x64
		{6F5151D6-0E77-4672-8ABF-0CE7B50E08BF}.Release|x86.ActiveCfg = Release|Win32
		{6F5151D6-0E77-4672-8ABF-0CE7B50E08BF}.Release|x86.Build.0 = Release|Win32
	EndGlobalSection
	GlobalSection(SolutionProperties) = preSolution
		HideSolutionNode = FALSE
	EndGlobalSection
	GlobalSection(ExtensibilityGlobals) = postSolution
		SolutionGuid = {3C00A22D-87B0-4EFF-9309-B76448737A6D}
	EndGlobalSection
EndGlobal
