
Microsoft Visual Studio Solution File, Format Version 12.00
# Visual Studio Version 16
VisualStudioVersion = 16.0.31727.386
MinimumVisualStudioVersion = 10.0.40219.1
Project("{8BC9CEB8-8B4A-11D0-8D11-00A0C91BC942}") = "LAB_EXAM_STUDY", "LAB_EXAM_STUDY\LAB_EXAM_STUDY.vcxproj", "{7043D01B-28EA-44FF-8404-4F3EBE42D04F}"
EndProject
Project("{8BC9CEB8-8B4A-11D0-8D11-00A0C91BC942}") = "LAB14_Q2", "LAB14_Q2\LAB14_Q2.vcxproj", "{DB710D6F-8FDD-4A01-A093-EE06BDAC31D5}"
EndProject
Project("{8BC9CEB8-8B4A-11D0-8D11-00A0C91BC942}") = "LAB14_ADD_Q1", "LAB14_ADD_Q1\LAB14_ADD_Q1.vcxproj", "{0319C3BC-C46D-42CF-B428-147C0540F7B2}"
EndProject
Project("{8BC9CEB8-8B4A-11D0-8D11-00A0C91BC942}") = "LAB16_ADDQ1", "LAB16_ADDQ1\LAB16_ADDQ1.vcxproj", "{B6B29864-7239-4513-993B-F978B7433615}"
EndProject
Project("{8BC9CEB8-8B4A-11D0-8D11-00A0C91BC942}") = "LAB_16_ADDQ2", "LAB_16_ADDQ2\LAB_16_ADDQ2.vcxproj", "{301321B3-E098-41EE-ABAD-B6C8FD94595F}"
EndProject
Project("{8BC9CEB8-8B4A-11D0-8D11-00A0C91BC942}") = "LAB17_Q1", "LAB17_Q1\LAB17_Q1.vcxproj", "{C5B82748-6825-4613-B2BD-675B4DDC133D}"
EndProject
Project("{8BC9CEB8-8B4A-11D0-8D11-00A0C91BC942}") = "LAB17_Q2", "LAB17_Q2\LAB17_Q2.vcxproj", "{71FAE028-5081-469C-B58B-38A5DEBA7AB7}"
EndProject
Project("{8BC9CEB8-8B4A-11D0-8D11-00A0C91BC942}") = "LAB17_Q3", "LAB17_Q3\LAB17_Q3.vcxproj", "{B49A02A4-9EBA-49E5-9174-9365804F9881}"
EndProject
Project("{8BC9CEB8-8B4A-11D0-8D11-00A0C91BC942}") = "LAB17_ADDQ", "LAB17_ADDQ\LAB17_ADDQ.vcxproj", "{7B74A85A-8082-4F62-ACAD-C7A385F74703}"
EndProject
Global
	GlobalSection(SolutionConfigurationPlatforms) = preSolution
		Debug|x64 = Debug|x64
		Debug|x86 = Debug|x86
		Release|x64 = Release|x64
		Release|x86 = Release|x86
	EndGlobalSection
	GlobalSection(ProjectConfigurationPlatforms) = postSolution
		{7043D01B-28EA-44FF-8404-4F3EBE42D04F}.Debug|x64.ActiveCfg = Debug|x64
		{7043D01B-28EA-44FF-8404-4F3EBE42D04F}.Debug|x64.Build.0 = Debug|x64
		{7043D01B-28EA-44FF-8404-4F3EBE42D04F}.Debug|x86.ActiveCfg = Debug|Win32
		{7043D01B-28EA-44FF-8404-4F3EBE42D04F}.Debug|x86.Build.0 = Debug|Win32
		{7043D01B-28EA-44FF-8404-4F3EBE42D04F}.Release|x64.ActiveCfg = Release|x64
		{7043D01B-28EA-44FF-8404-4F3EBE42D04F}.Release|x64.Build.0 = Release|x64
		{7043D01B-28EA-44FF-8404-4F3EBE42D04F}.Release|x86.ActiveCfg = Release|Win32
		{7043D01B-28EA-44FF-8404-4F3EBE42D04F}.Release|x86.Build.0 = Release|Win32
		{DB710D6F-8FDD-4A01-A093-EE06BDAC31D5}.Debug|x64.ActiveCfg = Debug|x64
		{DB710D6F-8FDD-4A01-A093-EE06BDAC31D5}.Debug|x64.Build.0 = Debug|x64
		{DB710D6F-8FDD-4A01-A093-EE06BDAC31D5}.Debug|x86.ActiveCfg = Debug|Win32
		{DB710D6F-8FDD-4A01-A093-EE06BDAC31D5}.Debug|x86.Build.0 = Debug|Win32
		{DB710D6F-8FDD-4A01-A093-EE06BDAC31D5}.Release|x64.ActiveCfg = Release|x64
		{DB710D6F-8FDD-4A01-A093-EE06BDAC31D5}.Release|x64.Build.0 = Release|x64
		{DB710D6F-8FDD-4A01-A093-EE06BDAC31D5}.Release|x86.ActiveCfg = Release|Win32
		{DB710D6F-8FDD-4A01-A093-EE06BDAC31D5}.Release|x86.Build.0 = Release|Win32
		{0319C3BC-C46D-42CF-B428-147C0540F7B2}.Debug|x64.ActiveCfg = Debug|x64
		{0319C3BC-C46D-42CF-B428-147C0540F7B2}.Debug|x64.Build.0 = Debug|x64
		{0319C3BC-C46D-42CF-B428-147C0540F7B2}.Debug|x86.ActiveCfg = Debug|Win32
		{0319C3BC-C46D-42CF-B428-147C0540F7B2}.Debug|x86.Build.0 = Debug|Win32
		{0319C3BC-C46D-42CF-B428-147C0540F7B2}.Release|x64.ActiveCfg = Release|x64
		{0319C3BC-C46D-42CF-B428-147C0540F7B2}.Release|x64.Build.0 = Release|x64
		{0319C3BC-C46D-42CF-B428-147C0540F7B2}.Release|x86.ActiveCfg = Release|Win32
		{0319C3BC-C46D-42CF-B428-147C0540F7B2}.Release|x86.Build.0 = Release|Win32
		{B6B29864-7239-4513-993B-F978B7433615}.Debug|x64.ActiveCfg = Debug|x64
		{B6B29864-7239-4513-993B-F978B7433615}.Debug|x64.Build.0 = Debug|x64
		{B6B29864-7239-4513-993B-F978B7433615}.Debug|x86.ActiveCfg = Debug|Win32
		{B6B29864-7239-4513-993B-F978B7433615}.Debug|x86.Build.0 = Debug|Win32
		{B6B29864-7239-4513-993B-F978B7433615}.Release|x64.ActiveCfg = Release|x64
		{B6B29864-7239-4513-993B-F978B7433615}.Release|x64.Build.0 = Release|x64
		{B6B29864-7239-4513-993B-F978B7433615}.Release|x86.ActiveCfg = Release|Win32
		{B6B29864-7239-4513-993B-F978B7433615}.Release|x86.Build.0 = Release|Win32
		{301321B3-E098-41EE-ABAD-B6C8FD94595F}.Debug|x64.ActiveCfg = Debug|x64
		{301321B3-E098-41EE-ABAD-B6C8FD94595F}.Debug|x64.Build.0 = Debug|x64
		{301321B3-E098-41EE-ABAD-B6C8FD94595F}.Debug|x86.ActiveCfg = Debug|Win32
		{301321B3-E098-41EE-ABAD-B6C8FD94595F}.Debug|x86.Build.0 = Debug|Win32
		{301321B3-E098-41EE-ABAD-B6C8FD94595F}.Release|x64.ActiveCfg = Release|x64
		{301321B3-E098-41EE-ABAD-B6C8FD94595F}.Release|x64.Build.0 = Release|x64
		{301321B3-E098-41EE-ABAD-B6C8FD94595F}.Release|x86.ActiveCfg = Release|Win32
		{301321B3-E098-41EE-ABAD-B6C8FD94595F}.Release|x86.Build.0 = Release|Win32
		{C5B82748-6825-4613-B2BD-675B4DDC133D}.Debug|x64.ActiveCfg = Debug|x64
		{C5B82748-6825-4613-B2BD-675B4DDC133D}.Debug|x64.Build.0 = Debug|x64
		{C5B82748-6825-4613-B2BD-675B4DDC133D}.Debug|x86.ActiveCfg = Debug|Win32
		{C5B82748-6825-4613-B2BD-675B4DDC133D}.Debug|x86.Build.0 = Debug|Win32
		{C5B82748-6825-4613-B2BD-675B4DDC133D}.Release|x64.ActiveCfg = Release|x64
		{C5B82748-6825-4613-B2BD-675B4DDC133D}.Release|x64.Build.0 = Release|x64
		{C5B82748-6825-4613-B2BD-675B4DDC133D}.Release|x86.ActiveCfg = Release|Win32
		{C5B82748-6825-4613-B2BD-675B4DDC133D}.Release|x86.Build.0 = Release|Win32
		{71FAE028-5081-469C-B58B-38A5DEBA7AB7}.Debug|x64.ActiveCfg = Debug|x64
		{71FAE028-5081-469C-B58B-38A5DEBA7AB7}.Debug|x64.Build.0 = Debug|x64
		{71FAE028-5081-469C-B58B-38A5DEBA7AB7}.Debug|x86.ActiveCfg = Debug|Win32
		{71FAE028-5081-469C-B58B-38A5DEBA7AB7}.Debug|x86.Build.0 = Debug|Win32
		{71FAE028-5081-469C-B58B-38A5DEBA7AB7}.Release|x64.ActiveCfg = Release|x64
		{71FAE028-5081-469C-B58B-38A5DEBA7AB7}.Release|x64.Build.0 = Release|x64
		{71FAE028-5081-469C-B58B-38A5DEBA7AB7}.Release|x86.ActiveCfg = Release|Win32
		{71FAE028-5081-469C-B58B-38A5DEBA7AB7}.Release|x86.Build.0 = Release|Win32
		{B49A02A4-9EBA-49E5-9174-9365804F9881}.Debug|x64.ActiveCfg = Debug|x64
		{B49A02A4-9EBA-49E5-9174-9365804F9881}.Debug|x64.Build.0 = Debug|x64
		{B49A02A4-9EBA-49E5-9174-9365804F9881}.Debug|x86.ActiveCfg = Debug|Win32
		{B49A02A4-9EBA-49E5-9174-9365804F9881}.Debug|x86.Build.0 = Debug|Win32
		{B49A02A4-9EBA-49E5-9174-9365804F9881}.Release|x64.ActiveCfg = Release|x64
		{B49A02A4-9EBA-49E5-9174-9365804F9881}.Release|x64.Build.0 = Release|x64
		{B49A02A4-9EBA-49E5-9174-9365804F9881}.Release|x86.ActiveCfg = Release|Win32
		{B49A02A4-9EBA-49E5-9174-9365804F9881}.Release|x86.Build.0 = Release|Win32
		{7B74A85A-8082-4F62-ACAD-C7A385F74703}.Debug|x64.ActiveCfg = Debug|x64
		{7B74A85A-8082-4F62-ACAD-C7A385F74703}.Debug|x64.Build.0 = Debug|x64
		{7B74A85A-8082-4F62-ACAD-C7A385F74703}.Debug|x86.ActiveCfg = Debug|Win32
		{7B74A85A-8082-4F62-ACAD-C7A385F74703}.Debug|x86.Build.0 = Debug|Win32
		{7B74A85A-8082-4F62-ACAD-C7A385F74703}.Release|x64.ActiveCfg = Release|x64
		{7B74A85A-8082-4F62-ACAD-C7A385F74703}.Release|x64.Build.0 = Release|x64
		{7B74A85A-8082-4F62-ACAD-C7A385F74703}.Release|x86.ActiveCfg = Release|Win32
		{7B74A85A-8082-4F62-ACAD-C7A385F74703}.Release|x86.Build.0 = Release|Win32
	EndGlobalSection
	GlobalSection(SolutionProperties) = preSolution
		HideSolutionNode = FALSE
	EndGlobalSection
	GlobalSection(ExtensibilityGlobals) = postSolution
		SolutionGuid = {E7A44ECF-6D0B-4F73-8DC0-772022C2E5E7}
	EndGlobalSection
EndGlobal
