
Microsoft Visual Studio Solution File, Format Version 12.00
# Visual Studio Version 16
VisualStudioVersion = 16.0.31727.386
MinimumVisualStudioVersion = 10.0.40219.1
Project("{8BC9CEB8-8B4A-11D0-8D11-00A0C91BC942}") = "LAB_16", "LAB_16\LAB_16.vcxproj", "{CB55AFAB-F6D7-452E-9DEF-0680F8D2C164}"
EndProject
Project("{8BC9CEB8-8B4A-11D0-8D11-00A0C91BC942}") = "ADDQ2", "ADDQ2\ADDQ2.vcxproj", "{E1FCE247-B154-4689-8D1C-209617E9DF60}"
EndProject
Global
	GlobalSection(SolutionConfigurationPlatforms) = preSolution
		Debug|x64 = Debug|x64
		Debug|x86 = Debug|x86
		Release|x64 = Release|x64
		Release|x86 = Release|x86
	EndGlobalSection
	GlobalSection(ProjectConfigurationPlatforms) = postSolution
		{CB55AFAB-F6D7-452E-9DEF-0680F8D2C164}.Debug|x64.ActiveCfg = Debug|x64
		{CB55AFAB-F6D7-452E-9DEF-0680F8D2C164}.Debug|x64.Build.0 = Debug|x64
		{CB55AFAB-F6D7-452E-9DEF-0680F8D2C164}.Debug|x86.ActiveCfg = Debug|Win32
		{CB55AFAB-F6D7-452E-9DEF-0680F8D2C164}.Debug|x86.Build.0 = Debug|Win32
		{CB55AFAB-F6D7-452E-9DEF-0680F8D2C164}.Release|x64.ActiveCfg = Release|x64
		{CB55AFAB-F6D7-452E-9DEF-0680F8D2C164}.Release|x64.Build.0 = Release|x64
		{CB55AFAB-F6D7-452E-9DEF-0680F8D2C164}.Release|x86.ActiveCfg = Release|Win32
		{CB55AFAB-F6D7-452E-9DEF-0680F8D2C164}.Release|x86.Build.0 = Release|Win32
		{E1FCE247-B154-4689-8D1C-209617E9DF60}.Debug|x64.ActiveCfg = Debug|x64
		{E1FCE247-B154-4689-8D1C-209617E9DF60}.Debug|x64.Build.0 = Debug|x64
		{E1FCE247-B154-4689-8D1C-209617E9DF60}.Debug|x86.ActiveCfg = Debug|Win32
		{E1FCE247-B154-4689-8D1C-209617E9DF60}.Debug|x86.Build.0 = Debug|Win32
		{E1FCE247-B154-4689-8D1C-209617E9DF60}.Release|x64.ActiveCfg = Release|x64
		{E1FCE247-B154-4689-8D1C-209617E9DF60}.Release|x64.Build.0 = Release|x64
		{E1FCE247-B154-4689-8D1C-209617E9DF60}.Release|x86.ActiveCfg = Release|Win32
		{E1FCE247-B154-4689-8D1C-209617E9DF60}.Release|x86.Build.0 = Release|Win32
	EndGlobalSection
	GlobalSection(SolutionProperties) = preSolution
		HideSolutionNode = FALSE
	EndGlobalSection
	GlobalSection(ExtensibilityGlobals) = postSolution
		SolutionGuid = {F2C4A2DD-7D16-4182-A1F2-57C51E165250}
	EndGlobalSection
EndGlobal
