
Microsoft Visual Studio Solution File, Format Version 12.00
# Visual Studio Version 16
VisualStudioVersion = 16.0.31727.386
MinimumVisualStudioVersion = 10.0.40219.1
Project("{8BC9CEB8-8B4A-11D0-8D11-00A0C91BC942}") = "LAB18-19 _STUDY", "LAB18-19 _STUDY\LAB18-19 _STUDY.vcxproj", "{0F25E0E9-D220-473C-9C05-991A852DE239}"
EndProject
Project("{8BC9CEB8-8B4A-11D0-8D11-00A0C91BC942}") = "LAB18_Q2", "LAB18_Q2\LAB18_Q2.vcxproj", "{01D125DB-060A-4C9B-81CA-608B7B9586DB}"
EndProject
Project("{8BC9CEB8-8B4A-11D0-8D11-00A0C91BC942}") = "LAB18_Q3", "LAB18_Q3\LAB18_Q3.vcxproj", "{266919CA-225A-41C6-9D13-3017C759C350}"
EndProject
Project("{8BC9CEB8-8B4A-11D0-8D11-00A0C91BC942}") = "LAB18_Q4", "LAB18_Q4\LAB18_Q4.vcxproj", "{0545492D-CD2D-46F3-BE7E-1E69F1F12D24}"
EndProject
Project("{8BC9CEB8-8B4A-11D0-8D11-00A0C91BC942}") = "ADDQ2", "ADDQ2\ADDQ2.vcxproj", "{F02E276A-74EB-401A-B296-953878B12E5C}"
EndProject
Global
	GlobalSection(SolutionConfigurationPlatforms) = preSolution
		Debug|x64 = Debug|x64
		Debug|x86 = Debug|x86
		Release|x64 = Release|x64
		Release|x86 = Release|x86
	EndGlobalSection
	GlobalSection(ProjectConfigurationPlatforms) = postSolution
		{0F25E0E9-D220-473C-9C05-991A852DE239}.Debug|x64.ActiveCfg = Debug|x64
		{0F25E0E9-D220-473C-9C05-991A852DE239}.Debug|x64.Build.0 = Debug|x64
		{0F25E0E9-D220-473C-9C05-991A852DE239}.Debug|x86.ActiveCfg = Debug|Win32
		{0F25E0E9-D220-473C-9C05-991A852DE239}.Debug|x86.Build.0 = Debug|Win32
		{0F25E0E9-D220-473C-9C05-991A852DE239}.Release|x64.ActiveCfg = Release|x64
		{0F25E0E9-D220-473C-9C05-991A852DE239}.Release|x64.Build.0 = Release|x64
		{0F25E0E9-D220-473C-9C05-991A852DE239}.Release|x86.ActiveCfg = Release|Win32
		{0F25E0E9-D220-473C-9C05-991A852DE239}.Release|x86.Build.0 = Release|Win32
		{01D125DB-060A-4C9B-81CA-608B7B9586DB}.Debug|x64.ActiveCfg = Debug|x64
		{01D125DB-060A-4C9B-81CA-608B7B9586DB}.Debug|x64.Build.0 = Debug|x64
		{01D125DB-060A-4C9B-81CA-608B7B9586DB}.Debug|x86.ActiveCfg = Debug|Win32
		{01D125DB-060A-4C9B-81CA-608B7B9586DB}.Debug|x86.Build.0 = Debug|Win32
		{01D125DB-060A-4C9B-81CA-608B7B9586DB}.Release|x64.ActiveCfg = Release|x64
		{01D125DB-060A-4C9B-81CA-608B7B9586DB}.Release|x64.Build.0 = Release|x64
		{01D125DB-060A-4C9B-81CA-608B7B9586DB}.Release|x86.ActiveCfg = Release|Win32
		{01D125DB-060A-4C9B-81CA-608B7B9586DB}.Release|x86.Build.0 = Release|Win32
		{266919CA-225A-41C6-9D13-3017C759C350}.Debug|x64.ActiveCfg = Debug|x64
		{266919CA-225A-41C6-9D13-3017C759C350}.Debug|x64.Build.0 = Debug|x64
		{266919CA-225A-41C6-9D13-3017C759C350}.Debug|x86.ActiveCfg = Debug|Win32
		{266919CA-225A-41C6-9D13-3017C759C350}.Debug|x86.Build.0 = Debug|Win32
		{266919CA-225A-41C6-9D13-3017C759C350}.Release|x64.ActiveCfg = Release|x64
		{266919CA-225A-41C6-9D13-3017C759C350}.Release|x64.Build.0 = Release|x64
		{266919CA-225A-41C6-9D13-3017C759C350}.Release|x86.ActiveCfg = Release|Win32
		{266919CA-225A-41C6-9D13-3017C759C350}.Release|x86.Build.0 = Release|Win32
		{0545492D-CD2D-46F3-BE7E-1E69F1F12D24}.Debug|x64.ActiveCfg = Debug|x64
		{0545492D-CD2D-46F3-BE7E-1E69F1F12D24}.Debug|x64.Build.0 = Debug|x64
		{0545492D-CD2D-46F3-BE7E-1E69F1F12D24}.Debug|x86.ActiveCfg = Debug|Win32
		{0545492D-CD2D-46F3-BE7E-1E69F1F12D24}.Debug|x86.Build.0 = Debug|Win32
		{0545492D-CD2D-46F3-BE7E-1E69F1F12D24}.Release|x64.ActiveCfg = Release|x64
		{0545492D-CD2D-46F3-BE7E-1E69F1F12D24}.Release|x64.Build.0 = Release|x64
		{0545492D-CD2D-46F3-BE7E-1E69F1F12D24}.Release|x86.ActiveCfg = Release|Win32
		{0545492D-CD2D-46F3-BE7E-1E69F1F12D24}.Release|x86.Build.0 = Release|Win32
		{F02E276A-74EB-401A-B296-953878B12E5C}.Debug|x64.ActiveCfg = Debug|x64
		{F02E276A-74EB-401A-B296-953878B12E5C}.Debug|x64.Build.0 = Debug|x64
		{F02E276A-74EB-401A-B296-953878B12E5C}.Debug|x86.ActiveCfg = Debug|Win32
		{F02E276A-74EB-401A-B296-953878B12E5C}.Debug|x86.Build.0 = Debug|Win32
		{F02E276A-74EB-401A-B296-953878B12E5C}.Release|x64.ActiveCfg = Release|x64
		{F02E276A-74EB-401A-B296-953878B12E5C}.Release|x64.Build.0 = Release|x64
		{F02E276A-74EB-401A-B296-953878B12E5C}.Release|x86.ActiveCfg = Release|Win32
		{F02E276A-74EB-401A-B296-953878B12E5C}.Release|x86.Build.0 = Release|Win32
	EndGlobalSection
	GlobalSection(SolutionProperties) = preSolution
		HideSolutionNode = FALSE
	EndGlobalSection
	GlobalSection(ExtensibilityGlobals) = postSolution
		SolutionGuid = {A11344A5-7F82-424D-AFDA-7632A1912693}
	EndGlobalSection
EndGlobal
